
Microsoft Visual Studio Solution File, Format Version 12.00
# Visual Studio Version 16
VisualStudioVersion = 16.0.31129.286
MinimumVisualStudioVersion = 10.0.40219.1
Project("{FAE04EC0-301F-11D3-BF4B-00C04F79EFBC}") = "Divider", "Divider\Divider.csproj", "{FB901851-930A-42CB-A6F1-005EFBE36B12}"
EndProject
Project("{2150E333-8FDC-42A3-9474-1A3956D46DE8}") = "Solution Items", "Solution Items", "{CB9463C4-90DD-460A-8295-2F1FA8566FA4}"
EndProject
Global
	GlobalSection(SolutionConfigurationPlatforms) = preSolution
		Debug|Any CPU = Debug|Any CPU
		Release|Any CPU = Release|Any CPU
	EndGlobalSection
	GlobalSection(ProjectConfigurationPlatforms) = postSolution
		{FB901851-930A-42CB-A6F1-005EFBE36B12}.Debug|Any CPU.ActiveCfg = Debug|Any CPU
		{FB901851-930A-42CB-A6F1-005EFBE36B12}.Debug|Any CPU.Build.0 = Debug|Any CPU
		{FB901851-930A-42CB-A6F1-005EFBE36B12}.Release|Any CPU.ActiveCfg = Release|Any CPU
		{FB901851-930A-42CB-A6F1-005EFBE36B12}.Release|Any CPU.Build.0 = Release|Any CPU
	EndGlobalSection
	GlobalSection(SolutionProperties) = preSolution
		HideSolutionNode = FALSE
	EndGlobalSection
	GlobalSection(ExtensibilityGlobals) = postSolution
		SolutionGuid = {B3A36C73-03BA-4A23-9D15-AD0FEDE0C0DA}
	EndGlobalSection
EndGlobal
