
Microsoft Visual Studio Solution File, Format Version 12.00
# Visual Studio Version 16
VisualStudioVersion = 16.0.31205.134
MinimumVisualStudioVersion = 10.0.40219.1
Project("{FAE04EC0-301F-11D3-BF4B-00C04F79EFBC}") = "NumTypesExercise", "NumTypesExercise.csproj", "{12EA7480-5348-4AA8-BCBB-ECC127686A2C}"
EndProject
Global
	GlobalSection(SolutionConfigurationPlatforms) = preSolution
		Debug|Any CPU = Debug|Any CPU
		Release|Any CPU = Release|Any CPU
	EndGlobalSection
	GlobalSection(ProjectConfigurationPlatforms) = postSolution
		{12EA7480-5348-4AA8-BCBB-ECC127686A2C}.Debug|Any CPU.ActiveCfg = Debug|Any CPU
		{12EA7480-5348-4AA8-BCBB-ECC127686A2C}.Debug|Any CPU.Build.0 = Debug|Any CPU
		{12EA7480-5348-4AA8-BCBB-ECC127686A2C}.Release|Any CPU.ActiveCfg = Release|Any CPU
		{12EA7480-5348-4AA8-BCBB-ECC127686A2C}.Release|Any CPU.Build.0 = Release|Any CPU
	EndGlobalSection
	GlobalSection(SolutionProperties) = preSolution
		HideSolutionNode = FALSE
	EndGlobalSection
	GlobalSection(ExtensibilityGlobals) = postSolution
		SolutionGuid = {589F3565-EC81-4B98-94F8-EA46B7F352D1}
	EndGlobalSection
EndGlobal
